{
  "name": "exercicio2",
  "version": "1.0.0",
  "lockfileVersion": 2,
  "requires": true,
  "packages": {
    "": {
      "name": "exercicio2",
      "version": "1.0.0",
      "license": "ISC",
      "dependencies": {
        "colorize": "^0.1.0"
      }
    },
    "node_modules/colorize": {
      "version": "0.1.0",
      "resolved": "https://registry.npmjs.org/colorize/-/colorize-0.1.0.tgz",
      "integrity": "sha1-mlZ0KPxYHKL+C68QrsfHlpFQYIo=",
      "engines": {
        "node": "*"
      }
    }
  },
  "dependencies": {
    "colorize": {
      "version": "0.1.0",
      "resolved": "https://registry.npmjs.org/colorize/-/colorize-0.1.0.tgz",
      "integrity": "sha1-mlZ0KPxYHKL+C68QrsfHlpFQYIo="
    }
  }
}
